
Microsoft Visual Studio Solution File, Format Version 12.00
# Visual Studio Version 17
VisualStudioVersion = 17.10.35013.160
MinimumVisualStudioVersion = 10.0.40219.1
Project("{FAE04EC0-301F-11D3-BF4B-00C04F79EFBC}") = "examenv2", "examenv2\examenv2.csproj", "{CF86594A-2633-46C8-818B-20F692658B6E}"
EndProject
Global
	GlobalSection(SolutionConfigurationPlatforms) = preSolution
		Debug|Any CPU = Debug|Any CPU
		Release|Any CPU = Release|Any CPU
	EndGlobalSection
	GlobalSection(ProjectConfigurationPlatforms) = postSolution
		{CF86594A-2633-46C8-818B-20F692658B6E}.Debug|Any CPU.ActiveCfg = Debug|Any CPU
		{CF86594A-2633-46C8-818B-20F692658B6E}.Debug|Any CPU.Build.0 = Debug|Any CPU
		{CF86594A-2633-46C8-818B-20F692658B6E}.Release|Any CPU.ActiveCfg = Release|Any CPU
		{CF86594A-2633-46C8-818B-20F692658B6E}.Release|Any CPU.Build.0 = Release|Any CPU
	EndGlobalSection
	GlobalSection(SolutionProperties) = preSolution
		HideSolutionNode = FALSE
	EndGlobalSection
	GlobalSection(ExtensibilityGlobals) = postSolution
		SolutionGuid = {FCAE4804-8340-41D5-B023-474234BFC9B0}
	EndGlobalSection
EndGlobal
